{
  "projects": [
    {
      "projectId": "oPnLo9YFrSohtmv62Gxwtz",
      "version": "latest",
      "dependencies": {
        "caTPwKxj5ZrD9LQ7DMdK4Z": "3.13.0",
        "8PtdGodUbexNYgkuyBUcWu": "3.9.0"
      },
      "lang": "ts",
      "fileLocks": [
        {
          "type": "renderModule",
          "assetId": "VEpss2jPQFhG",
          "checksum": "e32521dd6bc8d7957512bf8f5695f5ab"
        },
        {
          "type": "cssRules",
          "assetId": "VEpss2jPQFhG",
          "checksum": "e32521dd6bc8d7957512bf8f5695f5ab"
        },
        {
          "type": "icon",
          "assetId": "AGjwKRG33l",
          "checksum": "44f69114fa6dd9c74c0decc2c436724a"
        },
        {
          "type": "icon",
          "assetId": "a7X9U6VjkL",
          "checksum": "e0894ae0b8bde3b3842f32e70106ddbc"
        },
        {
          "type": "icon",
          "assetId": "ysZ_aw-Xs6",
          "checksum": "2ed3d82e93e1e94675be979c052282a1"
        },
        {
          "type": "icon",
          "assetId": "QyEYPm0gsC",
          "checksum": "8042b7015bbe3a103cedce2db8ea2e4f"
        },
        {
          "type": "icon",
          "assetId": "y9XpqRJcmb",
          "checksum": "9f88919c42be3a28e83190cf8a01f9e2"
        },
        {
          "type": "icon",
          "assetId": "MYhIJgPo-y",
          "checksum": "c4bfaaf1ea6bcc280235b363c87706ad"
        },
        {
          "type": "icon",
          "assetId": "L2r2cHU5Qf",
          "checksum": "5e1665891a7a905da2de7081daec1a4d"
        },
        {
          "type": "icon",
          "assetId": "-FKrx6hb0X",
          "checksum": "e3e09077101fad15f649eca4a2aa23f3"
        },
        {
          "type": "icon",
          "assetId": "oHHi9R0HK-",
          "checksum": "2c022bb367058ee682d067db972cad76"
        },
        {
          "type": "icon",
          "assetId": "1CBdJyyzi7",
          "checksum": "63ea8e3eb35ebb192db1bff933c71792"
        },
        {
          "type": "icon",
          "assetId": "yAqHiaEJvSI",
          "checksum": "22a87cb71912bb4f343aeb5aee061785"
        },
        {
          "type": "icon",
          "assetId": "EiNq_L-koZh",
          "checksum": "6d6ccd166b02ce2bfa765c84cad9798f"
        },
        {
          "type": "icon",
          "assetId": "WMGpjLJhNCU",
          "checksum": "f2075bcc471fbd771a3d21e7eb2895a3"
        },
        {
          "type": "icon",
          "assetId": "R29r78JCDw9",
          "checksum": "565420c21d0edc07dc65598f5e8fc382"
        },
        {
          "type": "icon",
          "assetId": "nGBTxoewyGc",
          "checksum": "6fccdf1c8e1445a0c5ade663db5947fb"
        },
        {
          "type": "icon",
          "assetId": "ZWM15vLtIyL",
          "checksum": "4309fd468c4d350fbc7b1cbafbe73f3a"
        },
        {
          "type": "icon",
          "assetId": "Fz59WoBnsQ9",
          "checksum": "c0f703409fd82a892954de66fa16aeb2"
        },
        {
          "type": "icon",
          "assetId": "7jZffxv4F8X",
          "checksum": "46bc088c159bf01ba9d41e7802408d19"
        },
        {
          "type": "icon",
          "assetId": "p5cL4xalIkS",
          "checksum": "7b4487543fe51f90660dbc6962729c83"
        },
        {
          "type": "icon",
          "assetId": "1NTbd07_3ay",
          "checksum": "23defc2fb68803b4da182e450e119dc5"
        },
        {
          "type": "icon",
          "assetId": "3bqYmab6H4f",
          "checksum": "bf102ad38f7a0783527b45a2f1773c16"
        },
        {
          "type": "icon",
          "assetId": "XkHpA53g3XJ",
          "checksum": "4e92120ef4f3a1cdcd52003979bc43c7"
        },
        {
          "type": "icon",
          "assetId": "crRW62hmmKO",
          "checksum": "e7b15a6b9e21a2e629d9665c8e464430"
        },
        {
          "type": "icon",
          "assetId": "FnfetKkd_rU",
          "checksum": "8dec811c75180980313939ec15d580e4"
        },
        {
          "type": "icon",
          "assetId": "yQow_0Oa39i",
          "checksum": "b4635be015033c68108529f7c293d6a9"
        },
        {
          "type": "icon",
          "assetId": "X-uH5sMLdh1",
          "checksum": "eed209f0e88110a9937659c2dcabf288"
        },
        {
          "type": "icon",
          "assetId": "5OOHW4s8H-0",
          "checksum": "9c3e49ad5a8aee14521cd4f8dc4d3867"
        },
        {
          "type": "icon",
          "assetId": "rD9hzZeQVLo",
          "checksum": "c49d96c186fe84d5bbb4da0ca6613a85"
        },
        {
          "type": "icon",
          "assetId": "vagZgBY4Ye8",
          "checksum": "e1b2478bb92b8e02b6be8045242b6c87"
        },
        {
          "type": "icon",
          "assetId": "SKL9k4cTvr0",
          "checksum": "9450aaf4fa36b1f3a60020aa6e85f2d6"
        },
        {
          "type": "image",
          "assetId": "W_WNbB_HOG",
          "checksum": "6ba1cfc099a9d1a7db98eaa9d9a46a1b"
        },
        {
          "type": "image",
          "assetId": "rY3tXftcApB",
          "checksum": "3ee34879f9d08a29cde47a989828b9bd"
        },
        {
          "type": "image",
          "assetId": "1mhcW6uwsxi",
          "checksum": "a400c9ee39b52c0891adc593584ddd4d"
        },
        {
          "type": "image",
          "assetId": "ujAjx7e692D",
          "checksum": "dad313dc7263aa2726959fa29f2d8a6b"
        },
        {
          "type": "globalVariant",
          "assetId": "ntweAQ69k2vmO",
          "checksum": "0b1115316a4122a40cc31609de5c4b55"
        },
        {
          "type": "renderModule",
          "assetId": "NqwvW_PiMx",
          "checksum": "23ffdcbc1784474c55aeb3798e9e9a9e"
        },
        {
          "type": "cssRules",
          "assetId": "NqwvW_PiMx",
          "checksum": "23ffdcbc1784474c55aeb3798e9e9a9e"
        },
        {
          "assetId": "oPnLo9YFrSohtmv62Gxwtz",
          "type": "projectCss",
          "checksum": "bd02d11379de09d1539ac9ccf104c74a"
        },
        {
          "assetId": "oPnLo9YFrSohtmv62Gxwtz",
          "checksum": "91edd7f6d7ddb612bcc1d9acbb78b0b5",
          "type": "globalContexts"
        }
      ],
      "codegenVersion": "0.0.1"
    },
    {
      "projectId": "caTPwKxj5ZrD9LQ7DMdK4Z",
      "version": "3.13.0",
      "dependencies": {},
      "lang": "ts",
      "fileLocks": [
        {
          "assetId": "caTPwKxj5ZrD9LQ7DMdK4Z",
          "type": "projectCss",
          "checksum": "3f861d9934733b06ddcc0158487615ce"
        }
      ],
      "codegenVersion": "0.0.1"
    },
    {
      "projectId": "8PtdGodUbexNYgkuyBUcWu",
      "version": "3.9.0",
      "dependencies": {},
      "lang": "ts",
      "fileLocks": [
        {
          "assetId": "8PtdGodUbexNYgkuyBUcWu",
          "type": "projectCss",
          "checksum": "fab59f1d7821423eb6ea1dc62a110aa6"
        },
        {
          "assetId": "8PtdGodUbexNYgkuyBUcWu",
          "checksum": "6b66d7f8e20084eb8385762e16535ba1",
          "type": "globalContexts"
        }
      ],
      "codegenVersion": "0.0.1"
    }
  ],
  "cliVersion": "0.1.217"
}
